// !$*UTF8*$!
{
	archiveVersion = 1;
	classes = {
	};
	objectVersion = 46;
	objects = {

/* Begin PBXBuildFile section */
		1718A7971CAAB7860004C8FB /* expressiontypes.swift in Sources */ = {isa = PBXBuildFile; fileRef = 1718A7921CAAB7860004C8FB /* expressiontypes.swift */; };
		1718A7981CAAB7860004C8FB /* lexer.swift in Sources */ = {isa = PBXBuildFile; fileRef = 1718A7931CAAB7860004C8FB /* lexer.swift */; };
		1718A7991CAAB7860004C8FB /* main.swift in Sources */ = {isa = PBXBuildFile; fileRef = 1718A7941CAAB7860004C8FB /* main.swift */; };
		1718A79A1CAAB7860004C8FB /* parser.swift in Sources */ = {isa = PBXBuildFile; fileRef = 1718A7951CAAB7860004C8FB /* parser.swift */; };
		1718A79B1CAAB7860004C8FB /* util.swift in Sources */ = {isa = PBXBuildFile; fileRef = 1718A7961CAAB7860004C8FB /* util.swift */; };
/* End PBXBuildFile section */

/* Begin PBXCopyFilesBuildPhase section */
		17E3A1731C874F9C001B5287 /* CopyFiles */ = {
			isa = PBXCopyFilesBuildPhase;
			buildActionMask = 2147483647;
			dstPath = /usr/share/man/man1/;
			dstSubfolderSpec = 0;
			files = (
			);
			runOnlyForDeploymentPostprocessing = 1;
		};
/* End PBXCopyFilesBuildPhase section */

/* Begin PBXFileReference section */
		1718A7921CAAB7860004C8FB /* expressiontypes.swift */ = {isa = PBXFileReference; fileEncoding = 4; lastKnownFileType = sourcecode.swift; name = expressiontypes.swift; path = Literate_Output/expressiontypes.swift; sourceTree = "<group>"; };
		1718A7931CAAB7860004C8FB /* lexer.swift */ = {isa = PBXFileReference; fileEncoding = 4; lastKnownFileType = sourcecode.swift; name = lexer.swift; path = Literate_Output/lexer.swift; sourceTree = "<group>"; };
		1718A7941CAAB7860004C8FB /* main.swift */ = {isa = PBXFileReference; fileEncoding = 4; lastKnownFileType = sourcecode.swift; name = main.swift; path = Literate_Output/main.swift; sourceTree = "<group>"; };
		1718A7951CAAB7860004C8FB /* parser.swift */ = {isa = PBXFileReference; fileEncoding = 4; lastKnownFileType = sourcecode.swift; name = parser.swift; path = Literate_Output/parser.swift; sourceTree = "<group>"; };
		1718A7961CAAB7860004C8FB /* util.swift */ = {isa = PBXFileReference; fileEncoding = 4; lastKnownFileType = sourcecode.swift; name = util.swift; path = Literate_Output/util.swift; sourceTree = "<group>"; };
		17E3A1751C874F9C001B5287 /* AsciiMathToLatex */ = {isa = PBXFileReference; explicitFileType = "compiled.mach-o.executable"; includeInIndex = 0; path = AsciiMathToLatex; sourceTree = BUILT_PRODUCTS_DIR; };
/* End PBXFileReference section */

/* Begin PBXFrameworksBuildPhase section */
		17E3A1721C874F9C001B5287 /* Frameworks */ = {
			isa = PBXFrameworksBuildPhase;
			buildActionMask = 2147483647;
			files = (
			);
			runOnlyForDeploymentPostprocessing = 0;
		};
/* End PBXFrameworksBuildPhase section */

/* Begin PBXGroup section */
		17E3A16C1C874F9C001B5287 = {
			isa = PBXGroup;
			children = (
				1718A7921CAAB7860004C8FB /* expressiontypes.swift */,
				1718A7931CAAB7860004C8FB /* lexer.swift */,
				1718A7941CAAB7860004C8FB /* main.swift */,
				1718A7951CAAB7860004C8FB /* parser.swift */,
				1718A7961CAAB7860004C8FB /* util.swift */,
				17E3A1761C874F9C001B5287 /* Products */,
			);
			sourceTree = "<group>";
		};
		17E3A1761C874F9C001B5287 /* Products */ = {
			isa = PBXGroup;
			children = (
				17E3A1751C874F9C001B5287 /* AsciiMathToLatex */,
			);
			name = Products;
			sourceTree = "<group>";
		};
/* End PBXGroup section */

/* Begin PBXNativeTarget section */
		17E3A1741C874F9C001B5287 /* AsciiMathToLatex */ = {
			isa = PBXNativeTarget;
			buildConfigurationList = 17E3A17C1C874F9C001B5287 /* Build configuration list for PBXNativeTarget "AsciiMathToLatex" */;
			buildPhases = (
				17E3A1711C874F9C001B5287 /* Sources */,
				17E3A1721C874F9C001B5287 /* Frameworks */,
				17E3A1731C874F9C001B5287 /* CopyFiles */,
			);
			buildRules = (
			);
			dependencies = (
			);
			name = AsciiMathToLatex;
			productName = AsciiMathToLatex;
			productReference = 17E3A1751C874F9C001B5287 /* AsciiMathToLatex */;
			productType = "com.apple.product-type.tool";
		};
/* End PBXNativeTarget section */

/* Begin PBXProject section */
		17E3A16D1C874F9C001B5287 /* Project object */ = {
			isa = PBXProject;
			attributes = {
				LastUpgradeCheck = 0640;
				ORGANIZATIONNAME = "Stuart Douglas";
				TargetAttributes = {
					17E3A1741C874F9C001B5287 = {
						CreatedOnToolsVersion = 6.4;
					};
				};
			};
			buildConfigurationList = 17E3A1701C874F9C001B5287 /* Build configuration list for PBXProject "AsciiMathToLatex" */;
			compatibilityVersion = "Xcode 3.2";
			developmentRegion = English;
			hasScannedForEncodings = 0;
			knownRegions = (
				en,
			);
			mainGroup = 17E3A16C1C874F9C001B5287;
			productRefGroup = 17E3A1761C874F9C001B5287 /* Products */;
			projectDirPath = "";
			projectRoot = "";
			targets = (
				17E3A1741C874F9C001B5287 /* AsciiMathToLatex */,
			);
		};
/* End PBXProject section */

/* Begin PBXSourcesBuildPhase section */
		17E3A1711C874F9C001B5287 /* Sources */ = {
			isa = PBXSourcesBuildPhase;
			buildActionMask = 2147483647;
			files = (
				1718A79A1CAAB7860004C8FB /* parser.swift in Sources */,
				1718A7981CAAB7860004C8FB /* lexer.swift in Sources */,
				1718A7971CAAB7860004C8FB /* expressiontypes.swift in Sources */,
				1718A79B1CAAB7860004C8FB /* util.swift in Sources */,
				1718A7991CAAB7860004C8FB /* main.swift in Sources */,
			);
			runOnlyForDeploymentPostprocessing = 0;
		};
/* End PBXSourcesBuildPhase section */

/* Begin XCBuildConfiguration section */
		17E3A17A1C874F9C001B5287 /* Debug */ = {
			isa = XCBuildConfiguration;
			buildSettings = {
				ALWAYS_SEARCH_USER_PATHS = NO;
				CLANG_CXX_LANGUAGE_STANDARD = "gnu++0x";
				CLANG_CXX_LIBRARY = "libc++";
				CLANG_ENABLE_MODULES = YES;
				CLANG_ENABLE_OBJC_ARC = YES;
				CLANG_WARN_BOOL_CONVERSION = YES;
				CLANG_WARN_CONSTANT_CONVERSION = YES;
				CLANG_WARN_DIRECT_OBJC_ISA_USAGE = YES_ERROR;
				CLANG_WARN_EMPTY_BODY = YES;
				CLANG_WARN_ENUM_CONVERSION = YES;
				CLANG_WARN_INT_CONVERSION = YES;
				CLANG_WARN_OBJC_ROOT_CLASS = YES_ERROR;
				CLANG_WARN_UNREACHABLE_CODE = YES;
				CLANG_WARN__DUPLICATE_METHOD_MATCH = YES;
				COPY_PHASE_STRIP = NO;
				DEBUG_INFORMATION_FORMAT = dwarf;
				ENABLE_STRICT_OBJC_MSGSEND = YES;
				GCC_C_LANGUAGE_STANDARD = gnu99;
				GCC_DYNAMIC_NO_PIC = NO;
				GCC_NO_COMMON_BLOCKS = YES;
				GCC_OPTIMIZATION_LEVEL = 0;
				GCC_PREPROCESSOR_DEFINITIONS = (
					"DEBUG=1",
					"$(inherited)",
				);
				GCC_SYMBOLS_PRIVATE_EXTERN = NO;
				GCC_WARN_64_TO_32_BIT_CONVERSION = YES;
				GCC_WARN_ABOUT_RETURN_TYPE = YES_ERROR;
				GCC_WARN_UNDECLARED_SELECTOR = YES;
				GCC_WARN_UNINITIALIZED_AUTOS = YES_AGGRESSIVE;
				GCC_WARN_UNUSED_FUNCTION = YES;
				GCC_WARN_UNUSED_VARIABLE = YES;
				MACOSX_DEPLOYMENT_TARGET = 10.11;
				MTL_ENABLE_DEBUG_INFO = YES;
				ONLY_ACTIVE_ARCH = YES;
				SDKROOT = macosx;
				SWIFT_OPTIMIZATION_LEVEL = "-Onone";
			};
			name = Debug;
		};
		17E3A17B1C874F9C001B5287 /* Release */ = {
			isa = XCBuildConfiguration;
			buildSettings = {
				ALWAYS_SEARCH_USER_PATHS = NO;
				CLANG_CXX_LANGUAGE_STANDARD = "gnu++0x";
				CLANG_CXX_LIBRARY = "libc++";
				CLANG_ENABLE_MODULES = YES;
				CLANG_ENABLE_OBJC_ARC = YES;
				CLANG_WARN_BOOL_CONVERSION = YES;
				CLANG_WARN_CONSTANT_CONVERSION = YES;
				CLANG_WARN_DIRECT_OBJC_ISA_USAGE = YES_ERROR;
				CLANG_WARN_EMPTY_BODY = YES;
				CLANG_WARN_ENUM_CONVERSION = YES;
				CLANG_WARN_INT_CONVERSION = YES;
				CLANG_WARN_OBJC_ROOT_CLASS = YES_ERROR;
				CLANG_WARN_UNREACHABLE_CODE = YES;
				CLANG_WARN__DUPLICATE_METHOD_MATCH = YES;
				COPY_PHASE_STRIP = NO;
				DEBUG_INFORMATION_FORMAT = "dwarf-with-dsym";
				ENABLE_NS_ASSERTIONS = NO;
				ENABLE_STRICT_OBJC_MSGSEND = YES;
				GCC_C_LANGUAGE_STANDARD = gnu99;
				GCC_NO_COMMON_BLOCKS = YES;
				GCC_WARN_64_TO_32_BIT_CONVERSION = YES;
				GCC_WARN_ABOUT_RETURN_TYPE = YES_ERROR;
				GCC_WARN_UNDECLARED_SELECTOR = YES;
				GCC_WARN_UNINITIALIZED_AUTOS = YES_AGGRESSIVE;
				GCC_WARN_UNUSED_FUNCTION = YES;
				GCC_WARN_UNUSED_VARIABLE = YES;
				MACOSX_DEPLOYMENT_TARGET = 10.11;
				MTL_ENABLE_DEBUG_INFO = NO;
				SDKROOT = macosx;
			};
			name = Release;
		};
		17E3A17D1C874F9C001B5287 /* Debug */ = {
			isa = XCBuildConfiguration;
			buildSettings = {
				CLANG_ENABLE_MODULES = YES;
				LD_RUNPATH_SEARCH_PATHS = "$(inherited) @executable_path/../Frameworks @loader_path/../Frameworks";
				PRODUCT_NAME = "$(TARGET_NAME)";
				SWIFT_OPTIMIZATION_LEVEL = "-Onone";
			};
			name = Debug;
		};
		17E3A17E1C874F9C001B5287 /* Release */ = {
			isa = XCBuildConfiguration;
			buildSettings = {
				CLANG_ENABLE_MODULES = YES;
				LD_RUNPATH_SEARCH_PATHS = "$(inherited) @executable_path/../Frameworks @loader_path/../Frameworks";
				PRODUCT_NAME = "$(TARGET_NAME)";
			};
			name = Release;
		};
/* End XCBuildConfiguration section */

/* Begin XCConfigurationList section */
		17E3A1701C874F9C001B5287 /* Build configuration list for PBXProject "AsciiMathToLatex" */ = {
			isa = XCConfigurationList;
			buildConfigurations = (
				17E3A17A1C874F9C001B5287 /* Debug */,
				17E3A17B1C874F9C001B5287 /* Release */,
			);
			defaultConfigurationIsVisible = 0;
			defaultConfigurationName = Release;
		};
		17E3A17C1C874F9C001B5287 /* Build configuration list for PBXNativeTarget "AsciiMathToLatex" */ = {
			isa = XCConfigurationList;
			buildConfigurations = (
				17E3A17D1C874F9C001B5287 /* Debug */,
				17E3A17E1C874F9C001B5287 /* Release */,
			);
			defaultConfigurationIsVisible = 0;
			defaultConfigurationName = Release;
		};
/* End XCConfigurationList section */
	};
	rootObject = 17E3A16D1C874F9C001B5287 /* Project object */;
}
